// !$*UTF8*$!
{
	archiveVersion = 1;
	classes = {
	};
	objectVersion = 46;
	objects = {

/* Begin PBXBuildFile section */
		2C2631011A4CA02A00E68B06 /* AppDelegate.swift in Sources */ = {isa = PBXBuildFile; fileRef = 2C2631001A4CA02A00E68B06 /* AppDelegate.swift */; };
		2C2631041A4CA02A00E68B06 /* Parse_twitter.xcdatamodeld in Sources */ = {isa = PBXBuildFile; fileRef = 2C2631021A4CA02A00E68B06 /* Parse_twitter.xcdatamodeld */; };
		2C2631061A4CA02A00E68B06 /* ViewController.swift in Sources */ = {isa = PBXBuildFile; fileRef = 2C2631051A4CA02A00E68B06 /* ViewController.swift */; };
		2C2631091A4CA02A00E68B06 /* Main.storyboard in Resources */ = {isa = PBXBuildFile; fileRef = 2C2631071A4CA02A00E68B06 /* Main.storyboard */; };
		2C26310B1A4CA02A00E68B06 /* Images.xcassets in Resources */ = {isa = PBXBuildFile; fileRef = 2C26310A1A4CA02A00E68B06 /* Images.xcassets */; };
		2C26310E1A4CA02A00E68B06 /* LaunchScreen.xib in Resources */ = {isa = PBXBuildFile; fileRef = 2C26310C1A4CA02A00E68B06 /* LaunchScreen.xib */; };
		2C26311A1A4CA02A00E68B06 /* Parse_twitterTests.swift in Sources */ = {isa = PBXBuildFile; fileRef = 2C2631191A4CA02A00E68B06 /* Parse_twitterTests.swift */; };
		2C2631291A4CA71700E68B06 /* AudioToolbox.framework in Frameworks */ = {isa = PBXBuildFile; fileRef = 2C2631281A4CA71700E68B06 /* AudioToolbox.framework */; };
		2C26312B1A4CA72800E68B06 /* CFNetwork.framework in Frameworks */ = {isa = PBXBuildFile; fileRef = 2C26312A1A4CA72800E68B06 /* CFNetwork.framework */; };
		2C26312D1A4CA72D00E68B06 /* CoreGraphics.framework in Frameworks */ = {isa = PBXBuildFile; fileRef = 2C26312C1A4CA72D00E68B06 /* CoreGraphics.framework */; };
		2C26312F1A4CA73300E68B06 /* CoreLocation.framework in Frameworks */ = {isa = PBXBuildFile; fileRef = 2C26312E1A4CA73300E68B06 /* CoreLocation.framework */; };
		2C2631311A4CA73900E68B06 /* MobileCoreServices.framework in Frameworks */ = {isa = PBXBuildFile; fileRef = 2C2631301A4CA73900E68B06 /* MobileCoreServices.framework */; };
		2C2631331A4CA74000E68B06 /* QuartzCore.framework in Frameworks */ = {isa = PBXBuildFile; fileRef = 2C2631321A4CA74000E68B06 /* QuartzCore.framework */; };
		2C2631351A4CA74500E68B06 /* Security.framework in Frameworks */ = {isa = PBXBuildFile; fileRef = 2C2631341A4CA74500E68B06 /* Security.framework */; };
		2C2631371A4CA74A00E68B06 /* StoreKit.framework in Frameworks */ = {isa = PBXBuildFile; fileRef = 2C2631361A4CA74A00E68B06 /* StoreKit.framework */; };
		2C2631391A4CA75000E68B06 /* SystemConfiguration.framework in Frameworks */ = {isa = PBXBuildFile; fileRef = 2C2631381A4CA75000E68B06 /* SystemConfiguration.framework */; };
		2C26314E1A4CA82F00E68B06 /* Bolts.framework in Frameworks */ = {isa = PBXBuildFile; fileRef = 2C2631491A4CA82F00E68B06 /* Bolts.framework */; };
		2C26314F1A4CA82F00E68B06 /* Parse.framework in Frameworks */ = {isa = PBXBuildFile; fileRef = 2C26314A1A4CA82F00E68B06 /* Parse.framework */; };
		2C2631501A4CA82F00E68B06 /* ParseCrashReporting.framework in Frameworks */ = {isa = PBXBuildFile; fileRef = 2C26314B1A4CA82F00E68B06 /* ParseCrashReporting.framework */; };
		2C2631511A4CA82F00E68B06 /* ParseFacebookUtils.framework in Frameworks */ = {isa = PBXBuildFile; fileRef = 2C26314C1A4CA82F00E68B06 /* ParseFacebookUtils.framework */; };
		2C2631521A4CA82F00E68B06 /* ParseUI.framework in Frameworks */ = {isa = PBXBuildFile; fileRef = 2C26314D1A4CA82F00E68B06 /* ParseUI.framework */; };
		2C2631531A4CA84300E68B06 /* libz.dylib in Frameworks */ = {isa = PBXBuildFile; fileRef = 2C26313A1A4CA75600E68B06 /* libz.dylib */; };
		2C2631541A4CA84900E68B06 /* libsqlite3.dylib in Frameworks */ = {isa = PBXBuildFile; fileRef = 2C26313C1A4CA75F00E68B06 /* libsqlite3.dylib */; };
/* End PBXBuildFile section */

/* Begin PBXContainerItemProxy section */
		2C2631141A4CA02A00E68B06 /* PBXContainerItemProxy */ = {
			isa = PBXContainerItemProxy;
			containerPortal = 2C2630F31A4CA02A00E68B06 /* Project object */;
			proxyType = 1;
			remoteGlobalIDString = 2C2630FA1A4CA02A00E68B06;
			remoteInfo = Parse_twitter;
		};
/* End PBXContainerItemProxy section */

/* Begin PBXFileReference section */
		2C2630FB1A4CA02A00E68B06 /* Parse_twitter.app */ = {isa = PBXFileReference; explicitFileType = wrapper.application; includeInIndex = 0; path = Parse_twitter.app; sourceTree = BUILT_PRODUCTS_DIR; };
		2C2630FF1A4CA02A00E68B06 /* Info.plist */ = {isa = PBXFileReference; lastKnownFileType = text.plist.xml; path = Info.plist; sourceTree = "<group>"; };
		2C2631001A4CA02A00E68B06 /* AppDelegate.swift */ = {isa = PBXFileReference; lastKnownFileType = sourcecode.swift; path = AppDelegate.swift; sourceTree = "<group>"; };
		2C2631031A4CA02A00E68B06 /* Parse_twitter.xcdatamodel */ = {isa = PBXFileReference; lastKnownFileType = wrapper.xcdatamodel; path = Parse_twitter.xcdatamodel; sourceTree = "<group>"; };
		2C2631051A4CA02A00E68B06 /* ViewController.swift */ = {isa = PBXFileReference; lastKnownFileType = sourcecode.swift; path = ViewController.swift; sourceTree = "<group>"; };
		2C2631081A4CA02A00E68B06 /* Base */ = {isa = PBXFileReference; lastKnownFileType = file.storyboard; name = Base; path = Base.lproj/Main.storyboard; sourceTree = "<group>"; };
		2C26310A1A4CA02A00E68B06 /* Images.xcassets */ = {isa = PBXFileReference; lastKnownFileType = folder.assetcatalog; path = Images.xcassets; sourceTree = "<group>"; };
		2C26310D1A4CA02A00E68B06 /* Base */ = {isa = PBXFileReference; lastKnownFileType = file.xib; name = Base; path = Base.lproj/LaunchScreen.xib; sourceTree = "<group>"; };
		2C2631131A4CA02A00E68B06 /* Parse_twitterTests.xctest */ = {isa = PBXFileReference; explicitFileType = wrapper.cfbundle; includeInIndex = 0; path = Parse_twitterTests.xctest; sourceTree = BUILT_PRODUCTS_DIR; };
		2C2631181A4CA02A00E68B06 /* Info.plist */ = {isa = PBXFileReference; lastKnownFileType = text.plist.xml; path = Info.plist; sourceTree = "<group>"; };
		2C2631191A4CA02A00E68B06 /* Parse_twitterTests.swift */ = {isa = PBXFileReference; lastKnownFileType = sourcecode.swift; path = Parse_twitterTests.swift; sourceTree = "<group>"; };
		2C2631281A4CA71700E68B06 /* AudioToolbox.framework */ = {isa = PBXFileReference; lastKnownFileType = wrapper.framework; name = AudioToolbox.framework; path = System/Library/Frameworks/AudioToolbox.framework; sourceTree = SDKROOT; };
		2C26312A1A4CA72800E68B06 /* CFNetwork.framework */ = {isa = PBXFileReference; lastKnownFileType = wrapper.framework; name = CFNetwork.framework; path = System/Library/Frameworks/CFNetwork.framework; sourceTree = SDKROOT; };
		2C26312C1A4CA72D00E68B06 /* CoreGraphics.framework */ = {isa = PBXFileReference; lastKnownFileType = wrapper.framework; name = CoreGraphics.framework; path = System/Library/Frameworks/CoreGraphics.framework; sourceTree = SDKROOT; };
		2C26312E1A4CA73300E68B06 /* CoreLocation.framework */ = {isa = PBXFileReference; lastKnownFileType = wrapper.framework; name = CoreLocation.framework; path = System/Library/Frameworks/CoreLocation.framework; sourceTree = SDKROOT; };
		2C2631301A4CA73900E68B06 /* MobileCoreServices.framework */ = {isa = PBXFileReference; lastKnownFileType = wrapper.framework; name = MobileCoreServices.framework; path = System/Library/Frameworks/MobileCoreServices.framework; sourceTree = SDKROOT; };
		2C2631321A4CA74000E68B06 /* QuartzCore.framework */ = {isa = PBXFileReference; lastKnownFileType = wrapper.framework; name = QuartzCore.framework; path = System/Library/Frameworks/QuartzCore.framework; sourceTree = SDKROOT; };
		2C2631341A4CA74500E68B06 /* Security.framework */ = {isa = PBXFileReference; lastKnownFileType = wrapper.framework; name = Security.framework; path = System/Library/Frameworks/Security.framework; sourceTree = SDKROOT; };
		2C2631361A4CA74A00E68B06 /* StoreKit.framework */ = {isa = PBXFileReference; lastKnownFileType = wrapper.framework; name = StoreKit.framework; path = System/Library/Frameworks/StoreKit.framework; sourceTree = SDKROOT; };
		2C2631381A4CA75000E68B06 /* SystemConfiguration.framework */ = {isa = PBXFileReference; lastKnownFileType = wrapper.framework; name = SystemConfiguration.framework; path = System/Library/Frameworks/SystemConfiguration.framework; sourceTree = SDKROOT; };
		2C26313A1A4CA75600E68B06 /* libz.dylib */ = {isa = PBXFileReference; lastKnownFileType = "compiled.mach-o.dylib"; name = libz.dylib; path = usr/lib/libz.dylib; sourceTree = SDKROOT; };
		2C26313C1A4CA75F00E68B06 /* libsqlite3.dylib */ = {isa = PBXFileReference; lastKnownFileType = "compiled.mach-o.dylib"; name = libsqlite3.dylib; path = usr/lib/libsqlite3.dylib; sourceTree = SDKROOT; };
		2C2631491A4CA82F00E68B06 /* Bolts.framework */ = {isa = PBXFileReference; lastKnownFileType = wrapper.framework; path = Bolts.framework; sourceTree = "<group>"; };
		2C26314A1A4CA82F00E68B06 /* Parse.framework */ = {isa = PBXFileReference; lastKnownFileType = wrapper.framework; path = Parse.framework; sourceTree = "<group>"; };
		2C26314B1A4CA82F00E68B06 /* ParseCrashReporting.framework */ = {isa = PBXFileReference; lastKnownFileType = wrapper.framework; path = ParseCrashReporting.framework; sourceTree = "<group>"; };
		2C26314C1A4CA82F00E68B06 /* ParseFacebookUtils.framework */ = {isa = PBXFileReference; lastKnownFileType = wrapper.framework; path = ParseFacebookUtils.framework; sourceTree = "<group>"; };
		2C26314D1A4CA82F00E68B06 /* ParseUI.framework */ = {isa = PBXFileReference; lastKnownFileType = wrapper.framework; path = ParseUI.framework; sourceTree = "<group>"; };
		2C2631571A4CA88900E68B06 /* Parse_twitter-Bridging-Header.h */ = {isa = PBXFileReference; lastKnownFileType = sourcecode.c.h; path = "Parse_twitter-Bridging-Header.h"; sourceTree = "<group>"; };
/* End PBXFileReference section */

/* Begin PBXFrameworksBuildPhase section */
		2C2630F81A4CA02A00E68B06 /* Frameworks */ = {
			isa = PBXFrameworksBuildPhase;
			buildActionMask = 2147483647;
			files = (
				2C2631541A4CA84900E68B06 /* libsqlite3.dylib in Frameworks */,
				2C2631531A4CA84300E68B06 /* libz.dylib in Frameworks */,
				2C2631391A4CA75000E68B06 /* SystemConfiguration.framework in Frameworks */,
				2C2631371A4CA74A00E68B06 /* StoreKit.framework in Frameworks */,
				2C2631521A4CA82F00E68B06 /* ParseUI.framework in Frameworks */,
				2C2631351A4CA74500E68B06 /* Security.framework in Frameworks */,
				2C2631331A4CA74000E68B06 /* QuartzCore.framework in Frameworks */,
				2C2631311A4CA73900E68B06 /* MobileCoreServices.framework in Frameworks */,
				2C26314E1A4CA82F00E68B06 /* Bolts.framework in Frameworks */,
				2C26314F1A4CA82F00E68B06 /* Parse.framework in Frameworks */,
				2C2631501A4CA82F00E68B06 /* ParseCrashReporting.framework in Frameworks */,
				2C26312F1A4CA73300E68B06 /* CoreLocation.framework in Frameworks */,
				2C26312D1A4CA72D00E68B06 /* CoreGraphics.framework in Frameworks */,
				2C26312B1A4CA72800E68B06 /* CFNetwork.framework in Frameworks */,
				2C2631291A4CA71700E68B06 /* AudioToolbox.framework in Frameworks */,
				2C2631511A4CA82F00E68B06 /* ParseFacebookUtils.framework in Frameworks */,
			);
			runOnlyForDeploymentPostprocessing = 0;
		};
		2C2631101A4CA02A00E68B06 /* Frameworks */ = {
			isa = PBXFrameworksBuildPhase;
			buildActionMask = 2147483647;
			files = (
			);
			runOnlyForDeploymentPostprocessing = 0;
		};
/* End PBXFrameworksBuildPhase section */

/* Begin PBXGroup section */
		2C2630F21A4CA02A00E68B06 = {
			isa = PBXGroup;
			children = (
				2C2631271A4CA67B00E68B06 /* Frameworks */,
				2C2630FD1A4CA02A00E68B06 /* Parse_twitter */,
				2C2631161A4CA02A00E68B06 /* Parse_twitterTests */,
				2C2630FC1A4CA02A00E68B06 /* Products */,
			);
			sourceTree = "<group>";
		};
		2C2630FC1A4CA02A00E68B06 /* Products */ = {
			isa = PBXGroup;
			children = (
				2C2630FB1A4CA02A00E68B06 /* Parse_twitter.app */,
				2C2631131A4CA02A00E68B06 /* Parse_twitterTests.xctest */,
			);
			name = Products;
			sourceTree = "<group>";
		};
		2C2630FD1A4CA02A00E68B06 /* Parse_twitter */ = {
			isa = PBXGroup;
			children = (
				2C2631571A4CA88900E68B06 /* Parse_twitter-Bridging-Header.h */,
				2C2631001A4CA02A00E68B06 /* AppDelegate.swift */,
				2C2631051A4CA02A00E68B06 /* ViewController.swift */,
				2C2631071A4CA02A00E68B06 /* Main.storyboard */,
				2C26310A1A4CA02A00E68B06 /* Images.xcassets */,
				2C26310C1A4CA02A00E68B06 /* LaunchScreen.xib */,
				2C2631021A4CA02A00E68B06 /* Parse_twitter.xcdatamodeld */,
				2C2630FE1A4CA02A00E68B06 /* Supporting Files */,
			);
			path = Parse_twitter;
			sourceTree = "<group>";
		};
		2C2630FE1A4CA02A00E68B06 /* Supporting Files */ = {
			isa = PBXGroup;
			children = (
				2C2630FF1A4CA02A00E68B06 /* Info.plist */,
			);
			name = "Supporting Files";
			sourceTree = "<group>";
		};
		2C2631161A4CA02A00E68B06 /* Parse_twitterTests */ = {
			isa = PBXGroup;
			children = (
				2C2631191A4CA02A00E68B06 /* Parse_twitterTests.swift */,
				2C2631171A4CA02A00E68B06 /* Supporting Files */,
			);
			path = Parse_twitterTests;
			sourceTree = "<group>";
		};
		2C2631171A4CA02A00E68B06 /* Supporting Files */ = {
			isa = PBXGroup;
			children = (
				2C2631181A4CA02A00E68B06 /* Info.plist */,
			);
			name = "Supporting Files";
			sourceTree = "<group>";
		};
		2C2631271A4CA67B00E68B06 /* Frameworks */ = {
			isa = PBXGroup;
			children = (
				2C2631491A4CA82F00E68B06 /* Bolts.framework */,
				2C26314A1A4CA82F00E68B06 /* Parse.framework */,
				2C26314B1A4CA82F00E68B06 /* ParseCrashReporting.framework */,
				2C26314C1A4CA82F00E68B06 /* ParseFacebookUtils.framework */,
				2C26314D1A4CA82F00E68B06 /* ParseUI.framework */,
				2C26313C1A4CA75F00E68B06 /* libsqlite3.dylib */,
				2C26313A1A4CA75600E68B06 /* libz.dylib */,
				2C2631381A4CA75000E68B06 /* SystemConfiguration.framework */,
				2C2631361A4CA74A00E68B06 /* StoreKit.framework */,
				2C2631341A4CA74500E68B06 /* Security.framework */,
				2C2631321A4CA74000E68B06 /* QuartzCore.framework */,
				2C2631301A4CA73900E68B06 /* MobileCoreServices.framework */,
				2C26312E1A4CA73300E68B06 /* CoreLocation.framework */,
				2C26312C1A4CA72D00E68B06 /* CoreGraphics.framework */,
				2C26312A1A4CA72800E68B06 /* CFNetwork.framework */,
				2C2631281A4CA71700E68B06 /* AudioToolbox.framework */,
			);
			name = Frameworks;
			sourceTree = "<group>";
		};
/* End PBXGroup section */

/* Begin PBXNativeTarget section */
		2C2630FA1A4CA02A00E68B06 /* Parse_twitter */ = {
			isa = PBXNativeTarget;
			buildConfigurationList = 2C26311D1A4CA02A00E68B06 /* Build configuration list for PBXNativeTarget "Parse_twitter" */;
			buildPhases = (
				2C2630F71A4CA02A00E68B06 /* Sources */,
				2C2630F81A4CA02A00E68B06 /* Frameworks */,
				2C2630F91A4CA02A00E68B06 /* Resources */,
			);
			buildRules = (
			);
			dependencies = (
			);
			name = Parse_twitter;
			productName = Parse_twitter;
			productReference = 2C2630FB1A4CA02A00E68B06 /* Parse_twitter.app */;
			productType = "com.apple.product-type.application";
		};
		2C2631121A4CA02A00E68B06 /* Parse_twitterTests */ = {
			isa = PBXNativeTarget;
			buildConfigurationList = 2C2631201A4CA02A00E68B06 /* Build configuration list for PBXNativeTarget "Parse_twitterTests" */;
			buildPhases = (
				2C26310F1A4CA02A00E68B06 /* Sources */,
				2C2631101A4CA02A00E68B06 /* Frameworks */,
				2C2631111A4CA02A00E68B06 /* Resources */,
			);
			buildRules = (
			);
			dependencies = (
				2C2631151A4CA02A00E68B06 /* PBXTargetDependency */,
			);
			name = Parse_twitterTests;
			productName = Parse_twitterTests;
			productReference = 2C2631131A4CA02A00E68B06 /* Parse_twitterTests.xctest */;
			productType = "com.apple.product-type.bundle.unit-test";
		};
/* End PBXNativeTarget section */

/* Begin PBXProject section */
		2C2630F31A4CA02A00E68B06 /* Project object */ = {
			isa = PBXProject;
			attributes = {
				LastUpgradeCheck = 0610;
				ORGANIZATIONNAME = TutorialFederation;
				TargetAttributes = {
					2C2630FA1A4CA02A00E68B06 = {
						CreatedOnToolsVersion = 6.1.1;
					};
					2C2631121A4CA02A00E68B06 = {
						CreatedOnToolsVersion = 6.1.1;
						TestTargetID = 2C2630FA1A4CA02A00E68B06;
					};
				};
			};
			buildConfigurationList = 2C2630F61A4CA02A00E68B06 /* Build configuration list for PBXProject "Parse_twitter" */;
			compatibilityVersion = "Xcode 3.2";
			developmentRegion = English;
			hasScannedForEncodings = 0;
			knownRegions = (
				en,
				Base,
			);
			mainGroup = 2C2630F21A4CA02A00E68B06;
			productRefGroup = 2C2630FC1A4CA02A00E68B06 /* Products */;
			projectDirPath = "";
			projectRoot = "";
			targets = (
				2C2630FA1A4CA02A00E68B06 /* Parse_twitter */,
				2C2631121A4CA02A00E68B06 /* Parse_twitterTests */,
			);
		};
/* End PBXProject section */

/* Begin PBXResourcesBuildPhase section */
		2C2630F91A4CA02A00E68B06 /* Resources */ = {
			isa = PBXResourcesBuildPhase;
			buildActionMask = 2147483647;
			files = (
				2C2631091A4CA02A00E68B06 /* Main.storyboard in Resources */,
				2C26310E1A4CA02A00E68B06 /* LaunchScreen.xib in Resources */,
				2C26310B1A4CA02A00E68B06 /* Images.xcassets in Resources */,
			);
			runOnlyForDeploymentPostprocessing = 0;
		};
		2C2631111A4CA02A00E68B06 /* Resources */ = {
			isa = PBXResourcesBuildPhase;
			buildActionMask = 2147483647;
			files = (
			);
			runOnlyForDeploymentPostprocessing = 0;
		};
/* End PBXResourcesBuildPhase section */

/* Begin PBXSourcesBuildPhase section */
		2C2630F71A4CA02A00E68B06 /* Sources */ = {
			isa = PBXSourcesBuildPhase;
			buildActionMask = 2147483647;
			files = (
				2C2631061A4CA02A00E68B06 /* ViewController.swift in Sources */,
				2C2631011A4CA02A00E68B06 /* AppDelegate.swift in Sources */,
				2C2631041A4CA02A00E68B06 /* Parse_twitter.xcdatamodeld in Sources */,
			);
			runOnlyForDeploymentPostprocessing = 0;
		};
		2C26310F1A4CA02A00E68B06 /* Sources */ = {
			isa = PBXSourcesBuildPhase;
			buildActionMask = 2147483647;
			files = (
				2C26311A1A4CA02A00E68B06 /* Parse_twitterTests.swift in Sources */,
			);
			runOnlyForDeploymentPostprocessing = 0;
		};
/* End PBXSourcesBuildPhase section */

/* Begin PBXTargetDependency section */
		2C2631151A4CA02A00E68B06 /* PBXTargetDependency */ = {
			isa = PBXTargetDependency;
			target = 2C2630FA1A4CA02A00E68B06 /* Parse_twitter */;
			targetProxy = 2C2631141A4CA02A00E68B06 /* PBXContainerItemProxy */;
		};
/* End PBXTargetDependency section */

/* Begin PBXVariantGroup section */
		2C2631071A4CA02A00E68B06 /* Main.storyboard */ = {
			isa = PBXVariantGroup;
			children = (
				2C2631081A4CA02A00E68B06 /* Base */,
			);
			name = Main.storyboard;
			sourceTree = "<group>";
		};
		2C26310C1A4CA02A00E68B06 /* LaunchScreen.xib */ = {
			isa = PBXVariantGroup;
			children = (
				2C26310D1A4CA02A00E68B06 /* Base */,
			);
			name = LaunchScreen.xib;
			sourceTree = "<group>";
		};
/* End PBXVariantGroup section */

/* Begin XCBuildConfiguration section */
		2C26311B1A4CA02A00E68B06 /* Debug */ = {
			isa = XCBuildConfiguration;
			buildSettings = {
				ALWAYS_SEARCH_USER_PATHS = NO;
				CLANG_CXX_LANGUAGE_STANDARD = "gnu++0x";
				CLANG_CXX_LIBRARY = "libc++";
				CLANG_ENABLE_MODULES = YES;
				CLANG_ENABLE_OBJC_ARC = YES;
				CLANG_WARN_BOOL_CONVERSION = YES;
				CLANG_WARN_CONSTANT_CONVERSION = YES;
				CLANG_WARN_DIRECT_OBJC_ISA_USAGE = YES_ERROR;
				CLANG_WARN_EMPTY_BODY = YES;
				CLANG_WARN_ENUM_CONVERSION = YES;
				CLANG_WARN_INT_CONVERSION = YES;
				CLANG_WARN_OBJC_ROOT_CLASS = YES_ERROR;
				CLANG_WARN_UNREACHABLE_CODE = YES;
				CLANG_WARN__DUPLICATE_METHOD_MATCH = YES;
				"CODE_SIGN_IDENTITY[sdk=iphoneos*]" = "iPhone Developer";
				COPY_PHASE_STRIP = NO;
				ENABLE_STRICT_OBJC_MSGSEND = YES;
				GCC_C_LANGUAGE_STANDARD = gnu99;
				GCC_DYNAMIC_NO_PIC = NO;
				GCC_OPTIMIZATION_LEVEL = 0;
				GCC_PREPROCESSOR_DEFINITIONS = (
					"DEBUG=1",
					"$(inherited)",
				);
				GCC_SYMBOLS_PRIVATE_EXTERN = NO;
				GCC_WARN_64_TO_32_BIT_CONVERSION = YES;
				GCC_WARN_ABOUT_RETURN_TYPE = YES_ERROR;
				GCC_WARN_UNDECLARED_SELECTOR = YES;
				GCC_WARN_UNINITIALIZED_AUTOS = YES_AGGRESSIVE;
				GCC_WARN_UNUSED_FUNCTION = YES;
				GCC_WARN_UNUSED_VARIABLE = YES;
				IPHONEOS_DEPLOYMENT_TARGET = 8.1;
				MTL_ENABLE_DEBUG_INFO = YES;
				ONLY_ACTIVE_ARCH = YES;
				SDKROOT = iphoneos;
				SWIFT_OPTIMIZATION_LEVEL = "-Onone";
			};
			name = Debug;
		};
		2C26311C1A4CA02A00E68B06 /* Release */ = {
			isa = XCBuildConfiguration;
			buildSettings = {
				ALWAYS_SEARCH_USER_PATHS = NO;
				CLANG_CXX_LANGUAGE_STANDARD = "gnu++0x";
				CLANG_CXX_LIBRARY = "libc++";
				CLANG_ENABLE_MODULES = YES;
				CLANG_ENABLE_OBJC_ARC = YES;
				CLANG_WARN_BOOL_CONVERSION = YES;
				CLANG_WARN_CONSTANT_CONVERSION = YES;
				CLANG_WARN_DIRECT_OBJC_ISA_USAGE = YES_ERROR;
				CLANG_WARN_EMPTY_BODY = YES;
				CLANG_WARN_ENUM_CONVERSION = YES;
				CLANG_WARN_INT_CONVERSION = YES;
				CLANG_WARN_OBJC_ROOT_CLASS = YES_ERROR;
				CLANG_WARN_UNREACHABLE_CODE = YES;
				CLANG_WARN__DUPLICATE_METHOD_MATCH = YES;
				"CODE_SIGN_IDENTITY[sdk=iphoneos*]" = "iPhone Developer";
				COPY_PHASE_STRIP = YES;
				ENABLE_NS_ASSERTIONS = NO;
				ENABLE_STRICT_OBJC_MSGSEND = YES;
				GCC_C_LANGUAGE_STANDARD = gnu99;
				GCC_WARN_64_TO_32_BIT_CONVERSION = YES;
				GCC_WARN_ABOUT_RETURN_TYPE = YES_ERROR;
				GCC_WARN_UNDECLARED_SELECTOR = YES;
				GCC_WARN_UNINITIALIZED_AUTOS = YES_AGGRESSIVE;
				GCC_WARN_UNUSED_FUNCTION = YES;
				GCC_WARN_UNUSED_VARIABLE = YES;
				IPHONEOS_DEPLOYMENT_TARGET = 8.1;
				MTL_ENABLE_DEBUG_INFO = NO;
				SDKROOT = iphoneos;
				VALIDATE_PRODUCT = YES;
			};
			name = Release;
		};
		2C26311E1A4CA02A00E68B06 /* Debug */ = {
			isa = XCBuildConfiguration;
			buildSettings = {
				ASSETCATALOG_COMPILER_APPICON_NAME = AppIcon;
				CLANG_ENABLE_MODULES = YES;
				FRAMEWORK_SEARCH_PATHS = (
					"$(inherited)",
					"$(PROJECT_DIR)",
					"$(PROJECT_DIR)/parse-library-1-2",
				);
				INFOPLIST_FILE = Parse_twitter/Info.plist;
				LD_RUNPATH_SEARCH_PATHS = "$(inherited) @executable_path/Frameworks";
				PRODUCT_NAME = "$(TARGET_NAME)";
				SWIFT_OBJC_BRIDGING_HEADER = "Parse_twitter/Parse_twitter-Bridging-Header.h";
				SWIFT_OPTIMIZATION_LEVEL = "-Onone";
			};
			name = Debug;
		};
		2C26311F1A4CA02A00E68B06 /* Release */ = {
			isa = XCBuildConfiguration;
			buildSettings = {
				ASSETCATALOG_COMPILER_APPICON_NAME = AppIcon;
				CLANG_ENABLE_MODULES = YES;
				FRAMEWORK_SEARCH_PATHS = (
					"$(inherited)",
					"$(PROJECT_DIR)",
					"$(PROJECT_DIR)/parse-library-1-2",
				);
				INFOPLIST_FILE = Parse_twitter/Info.plist;
				LD_RUNPATH_SEARCH_PATHS = "$(inherited) @executable_path/Frameworks";
				PRODUCT_NAME = "$(TARGET_NAME)";
				SWIFT_OBJC_BRIDGING_HEADER = "Parse_twitter/Parse_twitter-Bridging-Header.h";
			};
			name = Release;
		};
		2C2631211A4CA02A00E68B06 /* Debug */ = {
			isa = XCBuildConfiguration;
			buildSettings = {
				BUNDLE_LOADER = "$(TEST_HOST)";
				FRAMEWORK_SEARCH_PATHS = (
					"$(SDKROOT)/Developer/Library/Frameworks",
					"$(inherited)",
				);
				GCC_PREPROCESSOR_DEFINITIONS = (
					"DEBUG=1",
					"$(inherited)",
				);
				INFOPLIST_FILE = Parse_twitterTests/Info.plist;
				LD_RUNPATH_SEARCH_PATHS = "$(inherited) @executable_path/Frameworks @loader_path/Frameworks";
				PRODUCT_NAME = "$(TARGET_NAME)";
				TEST_HOST = "$(BUILT_PRODUCTS_DIR)/Parse_twitter.app/Parse_twitter";
			};
			name = Debug;
		};
		2C2631221A4CA02A00E68B06 /* Release */ = {
			isa = XCBuildConfiguration;
			buildSettings = {
				BUNDLE_LOADER = "$(TEST_HOST)";
				FRAMEWORK_SEARCH_PATHS = (
					"$(SDKROOT)/Developer/Library/Frameworks",
					"$(inherited)",
				);
				INFOPLIST_FILE = Parse_twitterTests/Info.plist;
				LD_RUNPATH_SEARCH_PATHS = "$(inherited) @executable_path/Frameworks @loader_path/Frameworks";
				PRODUCT_NAME = "$(TARGET_NAME)";
				TEST_HOST = "$(BUILT_PRODUCTS_DIR)/Parse_twitter.app/Parse_twitter";
			};
			name = Release;
		};
/* End XCBuildConfiguration section */

/* Begin XCConfigurationList section */
		2C2630F61A4CA02A00E68B06 /* Build configuration list for PBXProject "Parse_twitter" */ = {
			isa = XCConfigurationList;
			buildConfigurations = (
				2C26311B1A4CA02A00E68B06 /* Debug */,
				2C26311C1A4CA02A00E68B06 /* Release */,
			);
			defaultConfigurationIsVisible = 0;
			defaultConfigurationName = Release;
		};
		2C26311D1A4CA02A00E68B06 /* Build configuration list for PBXNativeTarget "Parse_twitter" */ = {
			isa = XCConfigurationList;
			buildConfigurations = (
				2C26311E1A4CA02A00E68B06 /* Debug */,
				2C26311F1A4CA02A00E68B06 /* Release */,
			);
			defaultConfigurationIsVisible = 0;
		};
		2C2631201A4CA02A00E68B06 /* Build configuration list for PBXNativeTarget "Parse_twitterTests" */ = {
			isa = XCConfigurationList;
			buildConfigurations = (
				2C2631211A4CA02A00E68B06 /* Debug */,
				2C2631221A4CA02A00E68B06 /* Release */,
			);
			defaultConfigurationIsVisible = 0;
		};
/* End XCConfigurationList section */

/* Begin XCVersionGroup section */
		2C2631021A4CA02A00E68B06 /* Parse_twitter.xcdatamodeld */ = {
			isa = XCVersionGroup;
			children = (
				2C2631031A4CA02A00E68B06 /* Parse_twitter.xcdatamodel */,
			);
			currentVersion = 2C2631031A4CA02A00E68B06 /* Parse_twitter.xcdatamodel */;
			path = Parse_twitter.xcdatamodeld;
			sourceTree = "<group>";
			versionGroupType = wrapper.xcdatamodel;
		};
/* End XCVersionGroup section */
	};
	rootObject = 2C2630F31A4CA02A00E68B06 /* Project object */;
}
